
Microsoft Visual Studio Solution File, Format Version 12.00
# Visual Studio Version 16
VisualStudioVersion = 16.0.31911.196
MinimumVisualStudioVersion = 10.0.40219.1
Project("{FAE04EC0-301F-11D3-BF4B-00C04F79EFBC}") = "DataAccess", "DataAccess\DataAccess.csproj", "{3AE331EB-C79A-4D93-A4DA-B0EBD7BEB04A}"
EndProject
Project("{9A19103F-16F7-4668-BE54-9A1E7A4F7556}") = "Models", "Models\Models.csproj", "{477761E4-57F9-4D61-9CAB-2AD2F866E37D}"
EndProject
Project("{9A19103F-16F7-4668-BE54-9A1E7A4F7556}") = "DomainModel", "DomainModel\DomainModel.csproj", "{CC2ACD80-5516-4D0A-A083-4087E25C0763}"
EndProject
Project("{9A19103F-16F7-4668-BE54-9A1E7A4F7556}") = "Tools", "Tools\Tools.csproj", "{E0D18A61-AE07-4F8B-8FA4-9B53764477A3}"
EndProject
Project("{FAE04EC0-301F-11D3-BF4B-00C04F79EFBC}") = "Gui", "Gui\Gui.csproj", "{621C55A5-237F-4C08-928C-ACD0F0BE29CB}"
EndProject
Global
	GlobalSection(SolutionConfigurationPlatforms) = preSolution
		Debug|Any CPU = Debug|Any CPU
		Release|Any CPU = Release|Any CPU
	EndGlobalSection
	GlobalSection(ProjectConfigurationPlatforms) = postSolution
		{3AE331EB-C79A-4D93-A4DA-B0EBD7BEB04A}.Debug|Any CPU.ActiveCfg = Debug|Any CPU
		{3AE331EB-C79A-4D93-A4DA-B0EBD7BEB04A}.Debug|Any CPU.Build.0 = Debug|Any CPU
		{3AE331EB-C79A-4D93-A4DA-B0EBD7BEB04A}.Release|Any CPU.ActiveCfg = Release|Any CPU
		{3AE331EB-C79A-4D93-A4DA-B0EBD7BEB04A}.Release|Any CPU.Build.0 = Release|Any CPU
		{477761E4-57F9-4D61-9CAB-2AD2F866E37D}.Debug|Any CPU.ActiveCfg = Debug|Any CPU
		{477761E4-57F9-4D61-9CAB-2AD2F866E37D}.Debug|Any CPU.Build.0 = Debug|Any CPU
		{477761E4-57F9-4D61-9CAB-2AD2F866E37D}.Release|Any CPU.ActiveCfg = Release|Any CPU
		{477761E4-57F9-4D61-9CAB-2AD2F866E37D}.Release|Any CPU.Build.0 = Release|Any CPU
		{CC2ACD80-5516-4D0A-A083-4087E25C0763}.Debug|Any CPU.ActiveCfg = Debug|Any CPU
		{CC2ACD80-5516-4D0A-A083-4087E25C0763}.Debug|Any CPU.Build.0 = Debug|Any CPU
		{CC2ACD80-5516-4D0A-A083-4087E25C0763}.Release|Any CPU.ActiveCfg = Release|Any CPU
		{CC2ACD80-5516-4D0A-A083-4087E25C0763}.Release|Any CPU.Build.0 = Release|Any CPU
		{E0D18A61-AE07-4F8B-8FA4-9B53764477A3}.Debug|Any CPU.ActiveCfg = Debug|Any CPU
		{E0D18A61-AE07-4F8B-8FA4-9B53764477A3}.Debug|Any CPU.Build.0 = Debug|Any CPU
		{E0D18A61-AE07-4F8B-8FA4-9B53764477A3}.Release|Any CPU.ActiveCfg = Release|Any CPU
		{E0D18A61-AE07-4F8B-8FA4-9B53764477A3}.Release|Any CPU.Build.0 = Release|Any CPU
		{621C55A5-237F-4C08-928C-ACD0F0BE29CB}.Debug|Any CPU.ActiveCfg = Debug|Any CPU
		{621C55A5-237F-4C08-928C-ACD0F0BE29CB}.Debug|Any CPU.Build.0 = Debug|Any CPU
		{621C55A5-237F-4C08-928C-ACD0F0BE29CB}.Release|Any CPU.ActiveCfg = Release|Any CPU
		{621C55A5-237F-4C08-928C-ACD0F0BE29CB}.Release|Any CPU.Build.0 = Release|Any CPU
	EndGlobalSection
	GlobalSection(SolutionProperties) = preSolution
		HideSolutionNode = FALSE
	EndGlobalSection
	GlobalSection(ExtensibilityGlobals) = postSolution
		SolutionGuid = {221381F3-131A-43C5-A290-A120609644B9}
	EndGlobalSection
EndGlobal
